
Microsoft Visual Studio Solution File, Format Version 12.00
# Visual Studio Version 16
VisualStudioVersion = 16.0.30523.141
MinimumVisualStudioVersion = 10.0.40219.1
Project("{FAE04EC0-301F-11D3-BF4B-00C04F79EFBC}") = "ParseDocuments", "ParseDocuments\ParseDocuments.csproj", "{8B8BD429-12CD-4E1A-B446-330917E393B9}"
EndProject
Global
	GlobalSection(SolutionConfigurationPlatforms) = preSolution
		Debug|Any CPU = Debug|Any CPU
		Release|Any CPU = Release|Any CPU
	EndGlobalSection
	GlobalSection(ProjectConfigurationPlatforms) = postSolution
		{8B8BD429-12CD-4E1A-B446-330917E393B9}.Debug|Any CPU.ActiveCfg = Debug|Any CPU
		{8B8BD429-12CD-4E1A-B446-330917E393B9}.Debug|Any CPU.Build.0 = Debug|Any CPU
		{8B8BD429-12CD-4E1A-B446-330917E393B9}.Release|Any CPU.ActiveCfg = Release|Any CPU
		{8B8BD429-12CD-4E1A-B446-330917E393B9}.Release|Any CPU.Build.0 = Release|Any CPU
	EndGlobalSection
	GlobalSection(SolutionProperties) = preSolution
		HideSolutionNode = FALSE
	EndGlobalSection
	GlobalSection(ExtensibilityGlobals) = postSolution
		SolutionGuid = {16406949-2D43-4913-A3DC-9CAFDB530E3B}
	EndGlobalSection
EndGlobal
